# This file is autogenerated, do not edit; changes may be undone by the next 'dep ensure'.


[[projects]]
  digest = "1:aac888275c4d362725b47e75d4e660f41435ed1b0524c193d0af8ee873139e5d"
  name = "cloud.google.com/go"
  packages = ["compute/metadata"]
  pruneopts = "UT"
  revision = "bb12be1742b232539b22ad8d0efc7afb02bbae39"
  version = "v0.33.0"

[[projects]]
  digest = "1:ada7e169c7d09738ca2c2ce9be01ae1f4d7ec6bff41da506eee94120a6a304c7"
  name = "github.com/apibillme/vcr"
  packages = ["."]
  pruneopts = "UT"
  revision = "11ee999e4f77f4d951033f39522ee1027d03251a"
  version = "1.0.0"

[[projects]]
  digest = "1:97df918963298c287643883209a2c3f642e6593379f97ab400c2a2e219ab647d"
  name = "github.com/golang/protobuf"
  packages = ["proto"]
  pruneopts = "UT"
  revision = "aa810b61a9c79d51363740d207bb46cf8e620ed5"
  version = "v1.2.0"

[[projects]]
  branch = "master"
  digest = "1:f8b491a7c25030a895a0e579742d07136e6958e77ef2d46e769db8eec4e58fcd"
  name = "golang.org/x/net"
  packages = [
    "context",
    "context/ctxhttp",
  ]
  pruneopts = "UT"
  revision = "adae6a3d119ae4890b46832a2e88a95adc62b8e7"

[[projects]]
  branch = "master"
  digest = "1:d71cf3891adad6f2d608396a8da36e90ac46cd51e34d5a75a31385d2682b43ce"
  name = "golang.org/x/oauth2"
  packages = [
    ".",
    "google",
    "internal",
    "jws",
    "jwt",
  ]
  pruneopts = "UT"
  revision = "f42d05182288abf10faef86d16c0d07b8d40ea2d"

[[projects]]
  branch = "master"
  digest = "1:46affef8383ed5bf70ed4e55ec903c03219d5cd03ad5742cfa55746ee0d705de"
  name = "google.golang.org/api"
  packages = [
    "gensupport",
    "gmail/v1",
    "googleapi",
    "googleapi/internal/uritemplates",
  ]
  pruneopts = "UT"
  revision = "83a9d304b1e613fc253e1e2710778642fe81af53"

[[projects]]
  digest = "1:d2a8db567a76203e3b41c1f632d86485ffd57f8e650a0d1b19d240671c2fddd7"
  name = "google.golang.org/appengine"
  packages = [
    ".",
    "internal",
    "internal/app_identity",
    "internal/base",
    "internal/datastore",
    "internal/log",
    "internal/modules",
    "internal/remote_api",
    "internal/urlfetch",
    "urlfetch",
  ]
  pruneopts = "UT"
  revision = "4a4468ece617fc8205e99368fa2200e9d1fad421"
  version = "v1.3.0"

[solve-meta]
  analyzer-name = "dep"
  analyzer-version = 1
  input-imports = [
    "github.com/apibillme/vcr",
    "golang.org/x/net/context",
    "golang.org/x/oauth2",
    "golang.org/x/oauth2/google",
    "google.golang.org/api/gmail/v1",
  ]
  solver-name = "gps-cdcl"
  solver-version = 1
